
Microsoft Visual Studio Solution File, Format Version 12.00
# Visual Studio Version 16
VisualStudioVersion = 16.0.29020.237
MinimumVisualStudioVersion = 10.0.40219.1
Project("{FAE04EC0-301F-11D3-BF4B-00C04F79EFBC}") = "CetnostSlov", "CetnostSlov\CetnostSlov.csproj", "{39FE7566-04C8-41F2-8E94-28F622C5CB20}"
EndProject
Global
	GlobalSection(SolutionConfigurationPlatforms) = preSolution
		Debug|Any CPU = Debug|Any CPU
		Release|Any CPU = Release|Any CPU
	EndGlobalSection
	GlobalSection(ProjectConfigurationPlatforms) = postSolution
		{39FE7566-04C8-41F2-8E94-28F622C5CB20}.Debug|Any CPU.ActiveCfg = Debug|Any CPU
		{39FE7566-04C8-41F2-8E94-28F622C5CB20}.Debug|Any CPU.Build.0 = Debug|Any CPU
		{39FE7566-04C8-41F2-8E94-28F622C5CB20}.Release|Any CPU.ActiveCfg = Release|Any CPU
		{39FE7566-04C8-41F2-8E94-28F622C5CB20}.Release|Any CPU.Build.0 = Release|Any CPU
	EndGlobalSection
	GlobalSection(SolutionProperties) = preSolution
		HideSolutionNode = FALSE
	EndGlobalSection
	GlobalSection(ExtensibilityGlobals) = postSolution
		SolutionGuid = {8DB0E75B-5043-4FF8-A038-445DE64D24D0}
	EndGlobalSection
EndGlobal
